# THIS IS AN AUTOGENERATED FILE. DO NOT EDIT THIS FILE DIRECTLY.
# yarn lockfile v1


create-coc-extension@^0.6.3:
  version "0.6.3"
  resolved "https://registry.yarnpkg.com/create-coc-extension/-/create-coc-extension-0.6.3.tgz#c906ad56816b08903ee66df59fbaf5776865218c"
  integrity sha512-Gv0tq2z1Axtx66vWgRhNSMxL4Crz8zNj7VEZ3aLr8XeDNluM4/Cd1lUPCkgoR1C14Nftn9hvBiz24UucJj8t5A==
